// !$*UTF8*$!
{
	archiveVersion = 1;
	classes = {
	};
	objectVersion = 56;
	objects = {

/* Begin PBXBuildFile section */
		420FAD6F2A893FAF0061719C /* InventApp.swift in Sources */ = {isa = PBXBuildFile; fileRef = 420FAD6E2A893FAF0061719C /* InventApp.swift */; };
		420FAD712A893FAF0061719C /* ContentView.swift in Sources */ = {isa = PBXBuildFile; fileRef = 420FAD702A893FAF0061719C /* ContentView.swift */; };
		420FAD732A893FB00061719C /* Assets.xcassets in Resources */ = {isa = PBXBuildFile; fileRef = 420FAD722A893FB00061719C /* Assets.xcassets */; };
		420FAD762A893FB00061719C /* Preview Assets.xcassets in Resources */ = {isa = PBXBuildFile; fileRef = 420FAD752A893FB00061719C /* Preview Assets.xcassets */; };
		420FAD782A893FB00061719C /* Persistence.swift in Sources */ = {isa = PBXBuildFile; fileRef = 420FAD772A893FB00061719C /* Persistence.swift */; };
		420FAD7B2A893FB00061719C /* Invent.xcdatamodeld in Sources */ = {isa = PBXBuildFile; fileRef = 420FAD792A893FB00061719C /* Invent.xcdatamodeld */; };
		420FAD862A893FB00061719C /* InventTests.swift in Sources */ = {isa = PBXBuildFile; fileRef = 420FAD852A893FB00061719C /* InventTests.swift */; };
		420FAD902A893FB00061719C /* InventUITests.swift in Sources */ = {isa = PBXBuildFile; fileRef = 420FAD8F2A893FB00061719C /* InventUITests.swift */; };
		420FAD922A893FB00061719C /* InventUITestsLaunchTests.swift in Sources */ = {isa = PBXBuildFile; fileRef = 420FAD912A893FB00061719C /* InventUITestsLaunchTests.swift */; };
/* End PBXBuildFile section */

/* Begin PBXContainerItemProxy section */
		420FAD822A893FB00061719C /* PBXContainerItemProxy */ = {
			isa = PBXContainerItemProxy;
			containerPortal = 420FAD632A893FAF0061719C /* Project object */;
			proxyType = 1;
			remoteGlobalIDString = 420FAD6A2A893FAF0061719C;
			remoteInfo = Invent;
		};
		420FAD8C2A893FB00061719C /* PBXContainerItemProxy */ = {
			isa = PBXContainerItemProxy;
			containerPortal = 420FAD632A893FAF0061719C /* Project object */;
			proxyType = 1;
			remoteGlobalIDString = 420FAD6A2A893FAF0061719C;
			remoteInfo = Invent;
		};
/* End PBXContainerItemProxy section */

/* Begin PBXFileReference section */
		420FAD6B2A893FAF0061719C /* Invent.app */ = {isa = PBXFileReference; explicitFileType = wrapper.application; includeInIndex = 0; path = Invent.app; sourceTree = BUILT_PRODUCTS_DIR; };
		420FAD6E2A893FAF0061719C /* InventApp.swift */ = {isa = PBXFileReference; lastKnownFileType = sourcecode.swift; path = InventApp.swift; sourceTree = "<group>"; };
		420FAD702A893FAF0061719C /* ContentView.swift */ = {isa = PBXFileReference; lastKnownFileType = sourcecode.swift; path = ContentView.swift; sourceTree = "<group>"; };
		420FAD722A893FB00061719C /* Assets.xcassets */ = {isa = PBXFileReference; lastKnownFileType = folder.assetcatalog; path = Assets.xcassets; sourceTree = "<group>"; };
		420FAD752A893FB00061719C /* Preview Assets.xcassets */ = {isa = PBXFileReference; lastKnownFileType = folder.assetcatalog; path = "Preview Assets.xcassets"; sourceTree = "<group>"; };
		420FAD772A893FB00061719C /* Persistence.swift */ = {isa = PBXFileReference; lastKnownFileType = sourcecode.swift; path = Persistence.swift; sourceTree = "<group>"; };
		420FAD7A2A893FB00061719C /* Invent.xcdatamodel */ = {isa = PBXFileReference; lastKnownFileType = wrapper.xcdatamodel; path = Invent.xcdatamodel; sourceTree = "<group>"; };
		420FAD7C2A893FB00061719C /* Info.plist */ = {isa = PBXFileReference; lastKnownFileType = text.plist.xml; path = Info.plist; sourceTree = "<group>"; };
		420FAD812A893FB00061719C /* InventTests.xctest */ = {isa = PBXFileReference; explicitFileType = wrapper.cfbundle; includeInIndex = 0; path = InventTests.xctest; sourceTree = BUILT_PRODUCTS_DIR; };
		420FAD852A893FB00061719C /* InventTests.swift */ = {isa = PBXFileReference; lastKnownFileType = sourcecode.swift; path = InventTests.swift; sourceTree = "<group>"; };
		420FAD8B2A893FB00061719C /* InventUITests.xctest */ = {isa = PBXFileReference; explicitFileType = wrapper.cfbundle; includeInIndex = 0; path = InventUITests.xctest; sourceTree = BUILT_PRODUCTS_DIR; };
		420FAD8F2A893FB00061719C /* InventUITests.swift */ = {isa = PBXFileReference; lastKnownFileType = sourcecode.swift; path = InventUITests.swift; sourceTree = "<group>"; };
		420FAD912A893FB00061719C /* InventUITestsLaunchTests.swift */ = {isa = PBXFileReference; lastKnownFileType = sourcecode.swift; path = InventUITestsLaunchTests.swift; sourceTree = "<group>"; };
/* End PBXFileReference section */

/* Begin PBXFrameworksBuildPhase section */
		420FAD682A893FAF0061719C /* Frameworks */ = {
			isa = PBXFrameworksBuildPhase;
			buildActionMask = 2147483647;
			files = (
			);
			runOnlyForDeploymentPostprocessing = 0;
		};
		420FAD7E2A893FB00061719C /* Frameworks */ = {
			isa = PBXFrameworksBuildPhase;
			buildActionMask = 2147483647;
			files = (
			);
			runOnlyForDeploymentPostprocessing = 0;
		};
		420FAD882A893FB00061719C /* Frameworks */ = {
			isa = PBXFrameworksBuildPhase;
			buildActionMask = 2147483647;
			files = (
			);
			runOnlyForDeploymentPostprocessing = 0;
		};
/* End PBXFrameworksBuildPhase section */

/* Begin PBXGroup section */
		420FAD622A893FAF0061719C = {
			isa = PBXGroup;
			children = (
				420FAD6D2A893FAF0061719C /* Invent */,
				420FAD842A893FB00061719C /* InventTests */,
				420FAD8E2A893FB00061719C /* InventUITests */,
				420FAD6C2A893FAF0061719C /* Products */,
			);
			sourceTree = "<group>";
		};
		420FAD6C2A893FAF0061719C /* Products */ = {
			isa = PBXGroup;
			children = (
				420FAD6B2A893FAF0061719C /* Invent.app */,
				420FAD812A893FB00061719C /* InventTests.xctest */,
				420FAD8B2A893FB00061719C /* InventUITests.xctest */,
			);
			name = Products;
			sourceTree = "<group>";
		};
		420FAD6D2A893FAF0061719C /* Invent */ = {
			isa = PBXGroup;
			children = (
				420FAD6E2A893FAF0061719C /* InventApp.swift */,
				420FAD702A893FAF0061719C /* ContentView.swift */,
				420FAD722A893FB00061719C /* Assets.xcassets */,
				420FAD772A893FB00061719C /* Persistence.swift */,
				420FAD7C2A893FB00061719C /* Info.plist */,
				420FAD792A893FB00061719C /* Invent.xcdatamodeld */,
				420FAD742A893FB00061719C /* Preview Content */,
			);
			path = Invent;
			sourceTree = "<group>";
		};
		420FAD742A893FB00061719C /* Preview Content */ = {
			isa = PBXGroup;
			children = (
				420FAD752A893FB00061719C /* Preview Assets.xcassets */,
			);
			path = "Preview Content";
			sourceTree = "<group>";
		};
		420FAD842A893FB00061719C /* InventTests */ = {
			isa = PBXGroup;
			children = (
				420FAD852A893FB00061719C /* InventTests.swift */,
			);
			path = InventTests;
			sourceTree = "<group>";
		};
		420FAD8E2A893FB00061719C /* InventUITests */ = {
			isa = PBXGroup;
			children = (
				420FAD8F2A893FB00061719C /* InventUITests.swift */,
				420FAD912A893FB00061719C /* InventUITestsLaunchTests.swift */,
			);
			path = InventUITests;
			sourceTree = "<group>";
		};
/* End PBXGroup section */

/* Begin PBXNativeTarget section */
		420FAD6A2A893FAF0061719C /* Invent */ = {
			isa = PBXNativeTarget;
			buildConfigurationList = 420FAD952A893FB00061719C /* Build configuration list for PBXNativeTarget "Invent" */;
			buildPhases = (
				420FAD672A893FAF0061719C /* Sources */,
				420FAD682A893FAF0061719C /* Frameworks */,
				420FAD692A893FAF0061719C /* Resources */,
			);
			buildRules = (
			);
			dependencies = (
			);
			name = Invent;
			productName = Invent;
			productReference = 420FAD6B2A893FAF0061719C /* Invent.app */;
			productType = "com.apple.product-type.application";
		};
		420FAD802A893FB00061719C /* InventTests */ = {
			isa = PBXNativeTarget;
			buildConfigurationList = 420FAD982A893FB00061719C /* Build configuration list for PBXNativeTarget "InventTests" */;
			buildPhases = (
				420FAD7D2A893FB00061719C /* Sources */,
				420FAD7E2A893FB00061719C /* Frameworks */,
				420FAD7F2A893FB00061719C /* Resources */,
			);
			buildRules = (
			);
			dependencies = (
				420FAD832A893FB00061719C /* PBXTargetDependency */,
			);
			name = InventTests;
			productName = InventTests;
			productReference = 420FAD812A893FB00061719C /* InventTests.xctest */;
			productType = "com.apple.product-type.bundle.unit-test";
		};
		420FAD8A2A893FB00061719C /* InventUITests */ = {
			isa = PBXNativeTarget;
			buildConfigurationList = 420FAD9B2A893FB00061719C /* Build configuration list for PBXNativeTarget "InventUITests" */;
			buildPhases = (
				420FAD872A893FB00061719C /* Sources */,
				420FAD882A893FB00061719C /* Frameworks */,
				420FAD892A893FB00061719C /* Resources */,
			);
			buildRules = (
			);
			dependencies = (
				420FAD8D2A893FB00061719C /* PBXTargetDependency */,
			);
			name = InventUITests;
			productName = InventUITests;
			productReference = 420FAD8B2A893FB00061719C /* InventUITests.xctest */;
			productType = "com.apple.product-type.bundle.ui-testing";
		};
/* End PBXNativeTarget section */

/* Begin PBXProject section */
		420FAD632A893FAF0061719C /* Project object */ = {
			isa = PBXProject;
			attributes = {
				BuildIndependentTargetsInParallel = 1;
				LastSwiftUpdateCheck = 1430;
				LastUpgradeCheck = 1430;
				TargetAttributes = {
					420FAD6A2A893FAF0061719C = {
						CreatedOnToolsVersion = 14.3.1;
					};
					420FAD802A893FB00061719C = {
						CreatedOnToolsVersion = 14.3.1;
						TestTargetID = 420FAD6A2A893FAF0061719C;
					};
					420FAD8A2A893FB00061719C = {
						CreatedOnToolsVersion = 14.3.1;
						TestTargetID = 420FAD6A2A893FAF0061719C;
					};
				};
			};
			buildConfigurationList = 420FAD662A893FAF0061719C /* Build configuration list for PBXProject "Invent" */;
			compatibilityVersion = "Xcode 14.0";
			developmentRegion = en;
			hasScannedForEncodings = 0;
			knownRegions = (
				en,
				Base,
			);
			mainGroup = 420FAD622A893FAF0061719C;
			productRefGroup = 420FAD6C2A893FAF0061719C /* Products */;
			projectDirPath = "";
			projectRoot = "";
			targets = (
				420FAD6A2A893FAF0061719C /* Invent */,
				420FAD802A893FB00061719C /* InventTests */,
				420FAD8A2A893FB00061719C /* InventUITests */,
			);
		};
/* End PBXProject section */

/* Begin PBXResourcesBuildPhase section */
		420FAD692A893FAF0061719C /* Resources */ = {
			isa = PBXResourcesBuildPhase;
			buildActionMask = 2147483647;
			files = (
				420FAD762A893FB00061719C /* Preview Assets.xcassets in Resources */,
				420FAD732A893FB00061719C /* Assets.xcassets in Resources */,
			);
			runOnlyForDeploymentPostprocessing = 0;
		};
		420FAD7F2A893FB00061719C /* Resources */ = {
			isa = PBXResourcesBuildPhase;
			buildActionMask = 2147483647;
			files = (
			);
			runOnlyForDeploymentPostprocessing = 0;
		};
		420FAD892A893FB00061719C /* Resources */ = {
			isa = PBXResourcesBuildPhase;
			buildActionMask = 2147483647;
			files = (
			);
			runOnlyForDeploymentPostprocessing = 0;
		};
/* End PBXResourcesBuildPhase section */

/* Begin PBXSourcesBuildPhase section */
		420FAD672A893FAF0061719C /* Sources */ = {
			isa = PBXSourcesBuildPhase;
			buildActionMask = 2147483647;
			files = (
				420FAD782A893FB00061719C /* Persistence.swift in Sources */,
				420FAD712A893FAF0061719C /* ContentView.swift in Sources */,
				420FAD6F2A893FAF0061719C /* InventApp.swift in Sources */,
				420FAD7B2A893FB00061719C /* Invent.xcdatamodeld in Sources */,
			);
			runOnlyForDeploymentPostprocessing = 0;
		};
		420FAD7D2A893FB00061719C /* Sources */ = {
			isa = PBXSourcesBuildPhase;
			buildActionMask = 2147483647;
			files = (
				420FAD862A893FB00061719C /* InventTests.swift in Sources */,
			);
			runOnlyForDeploymentPostprocessing = 0;
		};
		420FAD872A893FB00061719C /* Sources */ = {
			isa = PBXSourcesBuildPhase;
			buildActionMask = 2147483647;
			files = (
				420FAD922A893FB00061719C /* InventUITestsLaunchTests.swift in Sources */,
				420FAD902A893FB00061719C /* InventUITests.swift in Sources */,
			);
			runOnlyForDeploymentPostprocessing = 0;
		};
/* End PBXSourcesBuildPhase section */

/* Begin PBXTargetDependency section */
		420FAD832A893FB00061719C /* PBXTargetDependency */ = {
			isa = PBXTargetDependency;
			target = 420FAD6A2A893FAF0061719C /* Invent */;
			targetProxy = 420FAD822A893FB00061719C /* PBXContainerItemProxy */;
		};
		420FAD8D2A893FB00061719C /* PBXTargetDependency */ = {
			isa = PBXTargetDependency;
			target = 420FAD6A2A893FAF0061719C /* Invent */;
			targetProxy = 420FAD8C2A893FB00061719C /* PBXContainerItemProxy */;
		};
/* End PBXTargetDependency section */

/* Begin XCBuildConfiguration section */
		420FAD932A893FB00061719C /* Debug */ = {
			isa = XCBuildConfiguration;
			buildSettings = {
				ALWAYS_SEARCH_USER_PATHS = NO;
				CLANG_ANALYZER_NONNULL = YES;
				CLANG_ANALYZER_NUMBER_OBJECT_CONVERSION = YES_AGGRESSIVE;
				CLANG_CXX_LANGUAGE_STANDARD = "gnu++20";
				CLANG_ENABLE_MODULES = YES;
				CLANG_ENABLE_OBJC_ARC = YES;
				CLANG_ENABLE_OBJC_WEAK = YES;
				CLANG_WARN_BLOCK_CAPTURE_AUTORELEASING = YES;
				CLANG_WARN_BOOL_CONVERSION = YES;
				CLANG_WARN_COMMA = YES;
				CLANG_WARN_CONSTANT_CONVERSION = YES;
				CLANG_WARN_DEPRECATED_OBJC_IMPLEMENTATIONS = YES;
				CLANG_WARN_DIRECT_OBJC_ISA_USAGE = YES_ERROR;
				CLANG_WARN_DOCUMENTATION_COMMENTS = YES;
				CLANG_WARN_EMPTY_BODY = YES;
				CLANG_WARN_ENUM_CONVERSION = YES;
				CLANG_WARN_INFINITE_RECURSION = YES;
				CLANG_WARN_INT_CONVERSION = YES;
				CLANG_WARN_NON_LITERAL_NULL_CONVERSION = YES;
				CLANG_WARN_OBJC_IMPLICIT_RETAIN_SELF = YES;
				CLANG_WARN_OBJC_LITERAL_CONVERSION = YES;
				CLANG_WARN_OBJC_ROOT_CLASS = YES_ERROR;
				CLANG_WARN_QUOTED_INCLUDE_IN_FRAMEWORK_HEADER = YES;
				CLANG_WARN_RANGE_LOOP_ANALYSIS = YES;
				CLANG_WARN_STRICT_PROTOTYPES = YES;
				CLANG_WARN_SUSPICIOUS_MOVE = YES;
				CLANG_WARN_UNGUARDED_AVAILABILITY = YES_AGGRESSIVE;
				CLANG_WARN_UNREACHABLE_CODE = YES;
				CLANG_WARN__DUPLICATE_METHOD_MATCH = YES;
				COPY_PHASE_STRIP = NO;
				DEBUG_INFORMATION_FORMAT = dwarf;
				ENABLE_STRICT_OBJC_MSGSEND = YES;
				ENABLE_TESTABILITY = YES;
				GCC_C_LANGUAGE_STANDARD = gnu11;
				GCC_DYNAMIC_NO_PIC = NO;
				GCC_NO_COMMON_BLOCKS = YES;
				GCC_OPTIMIZATION_LEVEL = 0;
				GCC_PREPROCESSOR_DEFINITIONS = (
					"DEBUG=1",
					"$(inherited)",
				);
				GCC_WARN_64_TO_32_BIT_CONVERSION = YES;
				GCC_WARN_ABOUT_RETURN_TYPE = YES_ERROR;
				GCC_WARN_UNDECLARED_SELECTOR = YES;
				GCC_WARN_UNINITIALIZED_AUTOS = YES_AGGRESSIVE;
				GCC_WARN_UNUSED_FUNCTION = YES;
				GCC_WARN_UNUSED_VARIABLE = YES;
				IPHONEOS_DEPLOYMENT_TARGET = 16.4;
				MTL_ENABLE_DEBUG_INFO = INCLUDE_SOURCE;
				MTL_FAST_MATH = YES;
				ONLY_ACTIVE_ARCH = YES;
				SDKROOT = iphoneos;
				SWIFT_ACTIVE_COMPILATION_CONDITIONS = DEBUG;
				SWIFT_OPTIMIZATION_LEVEL = "-Onone";
			};
			name = Debug;
		};
		420FAD942A893FB00061719C /* Release */ = {
			isa = XCBuildConfiguration;
			buildSettings = {
				ALWAYS_SEARCH_USER_PATHS = NO;
				CLANG_ANALYZER_NONNULL = YES;
				CLANG_ANALYZER_NUMBER_OBJECT_CONVERSION = YES_AGGRESSIVE;
				CLANG_CXX_LANGUAGE_STANDARD = "gnu++20";
				CLANG_ENABLE_MODULES = YES;
				CLANG_ENABLE_OBJC_ARC = YES;
				CLANG_ENABLE_OBJC_WEAK = YES;
				CLANG_WARN_BLOCK_CAPTURE_AUTORELEASING = YES;
				CLANG_WARN_BOOL_CONVERSION = YES;
				CLANG_WARN_COMMA = YES;
				CLANG_WARN_CONSTANT_CONVERSION = YES;
				CLANG_WARN_DEPRECATED_OBJC_IMPLEMENTATIONS = YES;
				CLANG_WARN_DIRECT_OBJC_ISA_USAGE = YES_ERROR;
				CLANG_WARN_DOCUMENTATION_COMMENTS = YES;
				CLANG_WARN_EMPTY_BODY = YES;
				CLANG_WARN_ENUM_CONVERSION = YES;
				CLANG_WARN_INFINITE_RECURSION = YES;
				CLANG_WARN_INT_CONVERSION = YES;
				CLANG_WARN_NON_LITERAL_NULL_CONVERSION = YES;
				CLANG_WARN_OBJC_IMPLICIT_RETAIN_SELF = YES;
				CLANG_WARN_OBJC_LITERAL_CONVERSION = YES;
				CLANG_WARN_OBJC_ROOT_CLASS = YES_ERROR;
				CLANG_WARN_QUOTED_INCLUDE_IN_FRAMEWORK_HEADER = YES;
				CLANG_WARN_RANGE_LOOP_ANALYSIS = YES;
				CLANG_WARN_STRICT_PROTOTYPES = YES;
				CLANG_WARN_SUSPICIOUS_MOVE = YES;
				CLANG_WARN_UNGUARDED_AVAILABILITY = YES_AGGRESSIVE;
				CLANG_WARN_UNREACHABLE_CODE = YES;
				CLANG_WARN__DUPLICATE_METHOD_MATCH = YES;
				COPY_PHASE_STRIP = NO;
				DEBUG_INFORMATION_FORMAT = "dwarf-with-dsym";
				ENABLE_NS_ASSERTIONS = NO;
				ENABLE_STRICT_OBJC_MSGSEND = YES;
				GCC_C_LANGUAGE_STANDARD = gnu11;
				GCC_NO_COMMON_BLOCKS = YES;
				GCC_WARN_64_TO_32_BIT_CONVERSION = YES;
				GCC_WARN_ABOUT_RETURN_TYPE = YES_ERROR;
				GCC_WARN_UNDECLARED_SELECTOR = YES;
				GCC_WARN_UNINITIALIZED_AUTOS = YES_AGGRESSIVE;
				GCC_WARN_UNUSED_FUNCTION = YES;
				GCC_WARN_UNUSED_VARIABLE = YES;
				IPHONEOS_DEPLOYMENT_TARGET = 16.4;
				MTL_ENABLE_DEBUG_INFO = NO;
				MTL_FAST_MATH = YES;
				SDKROOT = iphoneos;
				SWIFT_COMPILATION_MODE = wholemodule;
				SWIFT_OPTIMIZATION_LEVEL = "-O";
				VALIDATE_PRODUCT = YES;
			};
			name = Release;
		};
		420FAD962A893FB00061719C /* Debug */ = {
			isa = XCBuildConfiguration;
			buildSettings = {
				ASSETCATALOG_COMPILER_APPICON_NAME = AppIcon;
				ASSETCATALOG_COMPILER_GLOBAL_ACCENT_COLOR_NAME = AccentColor;
				CODE_SIGN_STYLE = Automatic;
				CURRENT_PROJECT_VERSION = 1;
				DEVELOPMENT_ASSET_PATHS = "\"Invent/Preview Content\"";
				DEVELOPMENT_TEAM = 844ZV549HP;
				ENABLE_PREVIEWS = YES;
				GENERATE_INFOPLIST_FILE = YES;
				INFOPLIST_KEY_UIApplicationSceneManifest_Generation = YES;
				INFOPLIST_KEY_UIApplicationSupportsIndirectInputEvents = YES;
				INFOPLIST_KEY_UILaunchScreen_Generation = YES;
				INFOPLIST_KEY_UISupportedInterfaceOrientations_iPad = "UIInterfaceOrientationPortrait UIInterfaceOrientationPortraitUpsideDown UIInterfaceOrientationLandscapeLeft UIInterfaceOrientationLandscapeRight";
				INFOPLIST_KEY_UISupportedInterfaceOrientations_iPhone = "UIInterfaceOrientationPortrait UIInterfaceOrientationLandscapeLeft UIInterfaceOrientationLandscapeRight";
				LD_RUNPATH_SEARCH_PATHS = (
					"$(inherited)",
					"@executable_path/Frameworks",
				);
				MARKETING_VERSION = 1.0;
				PRODUCT_BUNDLE_IDENTIFIER = fyi.leon.Invent;
				PRODUCT_NAME = "$(TARGET_NAME)";
				SWIFT_EMIT_LOC_STRINGS = YES;
				SWIFT_VERSION = 5.0;
				TARGETED_DEVICE_FAMILY = "1,2";
			};
			name = Debug;
		};
		420FAD972A893FB00061719C /* Release */ = {
			isa = XCBuildConfiguration;
			buildSettings = {
				ASSETCATALOG_COMPILER_APPICON_NAME = AppIcon;
				ASSETCATALOG_COMPILER_GLOBAL_ACCENT_COLOR_NAME = AccentColor;
				CODE_SIGN_STYLE = Automatic;
				CURRENT_PROJECT_VERSION = 1;
				DEVELOPMENT_ASSET_PATHS = "\"Invent/Preview Content\"";
				DEVELOPMENT_TEAM = 844ZV549HP;
				ENABLE_PREVIEWS = YES;
				GENERATE_INFOPLIST_FILE = YES;
				INFOPLIST_KEY_UIApplicationSceneManifest_Generation = YES;
				INFOPLIST_KEY_UIApplicationSupportsIndirectInputEvents = YES;
				INFOPLIST_KEY_UILaunchScreen_Generation = YES;
				INFOPLIST_KEY_UISupportedInterfaceOrientations_iPad = "UIInterfaceOrientationPortrait UIInterfaceOrientationPortraitUpsideDown UIInterfaceOrientationLandscapeLeft UIInterfaceOrientationLandscapeRight";
				INFOPLIST_KEY_UISupportedInterfaceOrientations_iPhone = "UIInterfaceOrientationPortrait UIInterfaceOrientationLandscapeLeft UIInterfaceOrientationLandscapeRight";
				LD_RUNPATH_SEARCH_PATHS = (
					"$(inherited)",
					"@executable_path/Frameworks",
				);
				MARKETING_VERSION = 1.0;
				PRODUCT_BUNDLE_IDENTIFIER = fyi.leon.Invent;
				PRODUCT_NAME = "$(TARGET_NAME)";
				SWIFT_EMIT_LOC_STRINGS = YES;
				SWIFT_VERSION = 5.0;
				TARGETED_DEVICE_FAMILY = "1,2";
			};
			name = Release;
		};
		420FAD992A893FB00061719C /* Debug */ = {
			isa = XCBuildConfiguration;
			buildSettings = {
				ALWAYS_EMBED_SWIFT_STANDARD_LIBRARIES = YES;
				BUNDLE_LOADER = "$(TEST_HOST)";
				CODE_SIGN_STYLE = Automatic;
				CURRENT_PROJECT_VERSION = 1;
				DEVELOPMENT_TEAM = 844ZV549HP;
				GENERATE_INFOPLIST_FILE = YES;
				IPHONEOS_DEPLOYMENT_TARGET = 16.4;
				MARKETING_VERSION = 1.0;
				PRODUCT_BUNDLE_IDENTIFIER = fyi.leon.InventTests;
				PRODUCT_NAME = "$(TARGET_NAME)";
				SWIFT_EMIT_LOC_STRINGS = NO;
				SWIFT_VERSION = 5.0;
				TARGETED_DEVICE_FAMILY = "1,2";
				TEST_HOST = "$(BUILT_PRODUCTS_DIR)/Invent.app/$(BUNDLE_EXECUTABLE_FOLDER_PATH)/Invent";
			};
			name = Debug;
		};
		420FAD9A2A893FB00061719C /* Release */ = {
			isa = XCBuildConfiguration;
			buildSettings = {
				ALWAYS_EMBED_SWIFT_STANDARD_LIBRARIES = YES;
				BUNDLE_LOADER = "$(TEST_HOST)";
				CODE_SIGN_STYLE = Automatic;
				CURRENT_PROJECT_VERSION = 1;
				DEVELOPMENT_TEAM = 844ZV549HP;
				GENERATE_INFOPLIST_FILE = YES;
				IPHONEOS_DEPLOYMENT_TARGET = 16.4;
				MARKETING_VERSION = 1.0;
				PRODUCT_BUNDLE_IDENTIFIER = fyi.leon.InventTests;
				PRODUCT_NAME = "$(TARGET_NAME)";
				SWIFT_EMIT_LOC_STRINGS = NO;
				SWIFT_VERSION = 5.0;
				TARGETED_DEVICE_FAMILY = "1,2";
				TEST_HOST = "$(BUILT_PRODUCTS_DIR)/Invent.app/$(BUNDLE_EXECUTABLE_FOLDER_PATH)/Invent";
			};
			name = Release;
		};
		420FAD9C2A893FB00061719C /* Debug */ = {
			isa = XCBuildConfiguration;
			buildSettings = {
				ALWAYS_EMBED_SWIFT_STANDARD_LIBRARIES = YES;
				CODE_SIGN_STYLE = Automatic;
				CURRENT_PROJECT_VERSION = 1;
				DEVELOPMENT_TEAM = 844ZV549HP;
				GENERATE_INFOPLIST_FILE = YES;
				MARKETING_VERSION = 1.0;
				PRODUCT_BUNDLE_IDENTIFIER = fyi.leon.InventUITests;
				PRODUCT_NAME = "$(TARGET_NAME)";
				SWIFT_EMIT_LOC_STRINGS = NO;
				SWIFT_VERSION = 5.0;
				TARGETED_DEVICE_FAMILY = "1,2";
				TEST_TARGET_NAME = Invent;
			};
			name = Debug;
		};
		420FAD9D2A893FB00061719C /* Release */ = {
			isa = XCBuildConfiguration;
			buildSettings = {
				ALWAYS_EMBED_SWIFT_STANDARD_LIBRARIES = YES;
				CODE_SIGN_STYLE = Automatic;
				CURRENT_PROJECT_VERSION = 1;
				DEVELOPMENT_TEAM = 844ZV549HP;
				GENERATE_INFOPLIST_FILE = YES;
				MARKETING_VERSION = 1.0;
				PRODUCT_BUNDLE_IDENTIFIER = fyi.leon.InventUITests;
				PRODUCT_NAME = "$(TARGET_NAME)";
				SWIFT_EMIT_LOC_STRINGS = NO;
				SWIFT_VERSION = 5.0;
				TARGETED_DEVICE_FAMILY = "1,2";
				TEST_TARGET_NAME = Invent;
			};
			name = Release;
		};
/* End XCBuildConfiguration section */

/* Begin XCConfigurationList section */
		420FAD662A893FAF0061719C /* Build configuration list for PBXProject "Invent" */ = {
			isa = XCConfigurationList;
			buildConfigurations = (
				420FAD932A893FB00061719C /* Debug */,
				420FAD942A893FB00061719C /* Release */,
			);
			defaultConfigurationIsVisible = 0;
			defaultConfigurationName = Release;
		};
		420FAD952A893FB00061719C /* Build configuration list for PBXNativeTarget "Invent" */ = {
			isa = XCConfigurationList;
			buildConfigurations = (
				420FAD962A893FB00061719C /* Debug */,
				420FAD972A893FB00061719C /* Release */,
			);
			defaultConfigurationIsVisible = 0;
			defaultConfigurationName = Release;
		};
		420FAD982A893FB00061719C /* Build configuration list for PBXNativeTarget "InventTests" */ = {
			isa = XCConfigurationList;
			buildConfigurations = (
				420FAD992A893FB00061719C /* Debug */,
				420FAD9A2A893FB00061719C /* Release */,
			);
			defaultConfigurationIsVisible = 0;
			defaultConfigurationName = Release;
		};
		420FAD9B2A893FB00061719C /* Build configuration list for PBXNativeTarget "InventUITests" */ = {
			isa = XCConfigurationList;
			buildConfigurations = (
				420FAD9C2A893FB00061719C /* Debug */,
				420FAD9D2A893FB00061719C /* Release */,
			);
			defaultConfigurationIsVisible = 0;
			defaultConfigurationName = Release;
		};
/* End XCConfigurationList section */

/* Begin XCVersionGroup section */
		420FAD792A893FB00061719C /* Invent.xcdatamodeld */ = {
			isa = XCVersionGroup;
			children = (
				420FAD7A2A893FB00061719C /* Invent.xcdatamodel */,
			);
			currentVersion = 420FAD7A2A893FB00061719C /* Invent.xcdatamodel */;
			path = Invent.xcdatamodeld;
			sourceTree = "<group>";
			versionGroupType = wrapper.xcdatamodel;
		};
/* End XCVersionGroup section */
	};
	rootObject = 420FAD632A893FAF0061719C /* Project object */;
}
